
Microsoft Visual Studio Solution File, Format Version 12.00
# Visual Studio Version 17
VisualStudioVersion = 17.14.36623.8
MinimumVisualStudioVersion = 10.0.40219.1
Project("{FAE04EC0-301F-11D3-BF4B-00C04F79EFBC}") = "MyApp.API", "MyApp.API\MyApp.API.csproj", "{C11D3F72-971B-4B3C-97E3-AF338FC24595}"
EndProject
Project("{54A90642-561A-4BB1-A94E-469ADEE60C69}") = "MyApp.Front", "MyApp.Front\MyApp.Front.esproj", "{E87C2C55-357B-DE88-45FE-3EA88AA53E41}"
EndProject
Global
	GlobalSection(SolutionConfigurationPlatforms) = preSolution
		Debug|Any CPU = Debug|Any CPU
		Release|Any CPU = Release|Any CPU
	EndGlobalSection
	GlobalSection(ProjectConfigurationPlatforms) = postSolution
		{C11D3F72-971B-4B3C-97E3-AF338FC24595}.Debug|Any CPU.ActiveCfg = Debug|Any CPU
		{C11D3F72-971B-4B3C-97E3-AF338FC24595}.Debug|Any CPU.Build.0 = Debug|Any CPU
		{C11D3F72-971B-4B3C-97E3-AF338FC24595}.Release|Any CPU.ActiveCfg = Release|Any CPU
		{C11D3F72-971B-4B3C-97E3-AF338FC24595}.Release|Any CPU.Build.0 = Release|Any CPU
		{E87C2C55-357B-DE88-45FE-3EA88AA53E41}.Debug|Any CPU.ActiveCfg = Debug|Any CPU
		{E87C2C55-357B-DE88-45FE-3EA88AA53E41}.Debug|Any CPU.Build.0 = Debug|Any CPU
		{E87C2C55-357B-DE88-45FE-3EA88AA53E41}.Debug|Any CPU.Deploy.0 = Debug|Any CPU
		{E87C2C55-357B-DE88-45FE-3EA88AA53E41}.Release|Any CPU.ActiveCfg = Release|Any CPU
		{E87C2C55-357B-DE88-45FE-3EA88AA53E41}.Release|Any CPU.Build.0 = Release|Any CPU
		{E87C2C55-357B-DE88-45FE-3EA88AA53E41}.Release|Any CPU.Deploy.0 = Release|Any CPU
	EndGlobalSection
	GlobalSection(SolutionProperties) = preSolution
		HideSolutionNode = FALSE
	EndGlobalSection
	GlobalSection(ExtensibilityGlobals) = postSolution
		SolutionGuid = {81BC68D5-E61A-4FBC-8F19-7238DCEB08BA}
	EndGlobalSection
EndGlobal
